
Microsoft Visual Studio Solution File, Format Version 12.00
# Visual Studio Version 17
VisualStudioVersion = 17.9.34616.47
MinimumVisualStudioVersion = 10.0.40219.1
Project("{9A19103F-16F7-4668-BE54-9A1E7A4F7556}") = "Library.PL", "Library.PL\Library.PL.csproj", "{BF77C701-DE4D-4DCE-AB46-8FB8BEBF2B87}"
EndProject
Project("{9A19103F-16F7-4668-BE54-9A1E7A4F7556}") = "Library.DAL", "Library.DAL\Library.DAL.csproj", "{86D403E9-2E23-4D26-9BF4-2B47F74E160E}"
EndProject
Project("{9A19103F-16F7-4668-BE54-9A1E7A4F7556}") = "Library.BLL", "Library.BLL\Library.BLL.csproj", "{42067ECA-1FAE-4C0D-85C7-3D33C46AE00B}"
EndProject
Global
	GlobalSection(SolutionConfigurationPlatforms) = preSolution
		Debug|Any CPU = Debug|Any CPU
		Release|Any CPU = Release|Any CPU
	EndGlobalSection
	GlobalSection(ProjectConfigurationPlatforms) = postSolution
		{BF77C701-DE4D-4DCE-AB46-8FB8BEBF2B87}.Debug|Any CPU.ActiveCfg = Debug|Any CPU
		{BF77C701-DE4D-4DCE-AB46-8FB8BEBF2B87}.Debug|Any CPU.Build.0 = Debug|Any CPU
		{BF77C701-DE4D-4DCE-AB46-8FB8BEBF2B87}.Release|Any CPU.ActiveCfg = Release|Any CPU
		{BF77C701-DE4D-4DCE-AB46-8FB8BEBF2B87}.Release|Any CPU.Build.0 = Release|Any CPU
		{86D403E9-2E23-4D26-9BF4-2B47F74E160E}.Debug|Any CPU.ActiveCfg = Debug|Any CPU
		{86D403E9-2E23-4D26-9BF4-2B47F74E160E}.Debug|Any CPU.Build.0 = Debug|Any CPU
		{86D403E9-2E23-4D26-9BF4-2B47F74E160E}.Release|Any CPU.ActiveCfg = Release|Any CPU
		{86D403E9-2E23-4D26-9BF4-2B47F74E160E}.Release|Any CPU.Build.0 = Release|Any CPU
		{42067ECA-1FAE-4C0D-85C7-3D33C46AE00B}.Debug|Any CPU.ActiveCfg = Debug|Any CPU
		{42067ECA-1FAE-4C0D-85C7-3D33C46AE00B}.Debug|Any CPU.Build.0 = Debug|Any CPU
		{42067ECA-1FAE-4C0D-85C7-3D33C46AE00B}.Release|Any CPU.ActiveCfg = Release|Any CPU
		{42067ECA-1FAE-4C0D-85C7-3D33C46AE00B}.Release|Any CPU.Build.0 = Release|Any CPU
	EndGlobalSection
	GlobalSection(SolutionProperties) = preSolution
		HideSolutionNode = FALSE
	EndGlobalSection
	GlobalSection(ExtensibilityGlobals) = postSolution
		SolutionGuid = {9907FCD6-A70A-4ECE-A753-EEFB6265D2D9}
	EndGlobalSection
EndGlobal
